
Microsoft Visual Studio Solution File, Format Version 12.00
# Visual Studio 14
VisualStudioVersion = 14.0.24606.1
MinimumVisualStudioVersion = 10.0.40219.1
Project("{FAE04EC0-301F-11D3-BF4B-00C04F79EFBC}") = "ServiceCleanup", "ServiceCleanup\ServiceCleanup.csproj", "{002E03ED-098F-4CEF-B575-2FE143119F29}"
EndProject
Project("{FAE04EC0-301F-11D3-BF4B-00C04F79EFBC}") = "Microphone.Nancy", "NancyBotstrapper\Microphone.Nancy.csproj", "{D6F19216-DD25-450D-9D25-FDF091E55A6E}"
EndProject
Project("{2150E333-8FDC-42A3-9474-1A3956D46DE8}") = "Lib", "Lib", "{8A71EDB4-5188-4605-8C5D-C78860B8D28B}"
EndProject
Project("{FAE04EC0-301F-11D3-BF4B-00C04F79EFBC}") = "Service1", "Service1\Service1.csproj", "{B50B2E8E-E92A-49D4-A4C8-BA09AC89C4A6}"
EndProject
Project("{FAE04EC0-301F-11D3-BF4B-00C04F79EFBC}") = "Service2", "Service2\Service2.csproj", "{C937DCE3-19BF-459C-A14F-348AAED672C7}"
EndProject
Project("{FAE04EC0-301F-11D3-BF4B-00C04F79EFBC}") = "Microphone.WebApi", "Microphone.WebApi\Microphone.WebApi.csproj", "{C630E7CE-C207-46FD-9C75-FA6FB27353D2}"
EndProject
Project("{2150E333-8FDC-42A3-9474-1A3956D46DE8}") = "ExampleServices", "ExampleServices", "{CCC5CCD5-8319-4C68-B867-689DCA530008}"
EndProject
Project("{FAE04EC0-301F-11D3-BF4B-00C04F79EFBC}") = "Microphone.Core", "Microphone.Core\Microphone.Core.csproj", "{1BA1342F-7375-4851-AC70-CC56CADCC9EF}"
EndProject
Global
	GlobalSection(SolutionConfigurationPlatforms) = preSolution
		Debug|Any CPU = Debug|Any CPU
		Release|Any CPU = Release|Any CPU
	EndGlobalSection
	GlobalSection(ProjectConfigurationPlatforms) = postSolution
		{002E03ED-098F-4CEF-B575-2FE143119F29}.Debug|Any CPU.ActiveCfg = Debug|Any CPU
		{002E03ED-098F-4CEF-B575-2FE143119F29}.Debug|Any CPU.Build.0 = Debug|Any CPU
		{002E03ED-098F-4CEF-B575-2FE143119F29}.Release|Any CPU.ActiveCfg = Release|Any CPU
		{002E03ED-098F-4CEF-B575-2FE143119F29}.Release|Any CPU.Build.0 = Release|Any CPU
		{D6F19216-DD25-450D-9D25-FDF091E55A6E}.Debug|Any CPU.ActiveCfg = Debug|Any CPU
		{D6F19216-DD25-450D-9D25-FDF091E55A6E}.Debug|Any CPU.Build.0 = Debug|Any CPU
		{D6F19216-DD25-450D-9D25-FDF091E55A6E}.Release|Any CPU.ActiveCfg = Release|Any CPU
		{D6F19216-DD25-450D-9D25-FDF091E55A6E}.Release|Any CPU.Build.0 = Release|Any CPU
		{B50B2E8E-E92A-49D4-A4C8-BA09AC89C4A6}.Debug|Any CPU.ActiveCfg = Debug|Any CPU
		{B50B2E8E-E92A-49D4-A4C8-BA09AC89C4A6}.Debug|Any CPU.Build.0 = Debug|Any CPU
		{B50B2E8E-E92A-49D4-A4C8-BA09AC89C4A6}.Release|Any CPU.ActiveCfg = Release|Any CPU
		{B50B2E8E-E92A-49D4-A4C8-BA09AC89C4A6}.Release|Any CPU.Build.0 = Release|Any CPU
		{C937DCE3-19BF-459C-A14F-348AAED672C7}.Debug|Any CPU.ActiveCfg = Debug|Any CPU
		{C937DCE3-19BF-459C-A14F-348AAED672C7}.Debug|Any CPU.Build.0 = Debug|Any CPU
		{C937DCE3-19BF-459C-A14F-348AAED672C7}.Release|Any CPU.ActiveCfg = Release|Any CPU
		{C937DCE3-19BF-459C-A14F-348AAED672C7}.Release|Any CPU.Build.0 = Release|Any CPU
		{C630E7CE-C207-46FD-9C75-FA6FB27353D2}.Debug|Any CPU.ActiveCfg = Debug|Any CPU
		{C630E7CE-C207-46FD-9C75-FA6FB27353D2}.Debug|Any CPU.Build.0 = Debug|Any CPU
		{C630E7CE-C207-46FD-9C75-FA6FB27353D2}.Release|Any CPU.ActiveCfg = Release|Any CPU
		{C630E7CE-C207-46FD-9C75-FA6FB27353D2}.Release|Any CPU.Build.0 = Release|Any CPU
		{1BA1342F-7375-4851-AC70-CC56CADCC9EF}.Debug|Any CPU.ActiveCfg = Debug|Any CPU
		{1BA1342F-7375-4851-AC70-CC56CADCC9EF}.Debug|Any CPU.Build.0 = Debug|Any CPU
		{1BA1342F-7375-4851-AC70-CC56CADCC9EF}.Release|Any CPU.ActiveCfg = Release|Any CPU
		{1BA1342F-7375-4851-AC70-CC56CADCC9EF}.Release|Any CPU.Build.0 = Release|Any CPU
	EndGlobalSection
	GlobalSection(SolutionProperties) = preSolution
		HideSolutionNode = FALSE
	EndGlobalSection
	GlobalSection(NestedProjects) = preSolution
		{002E03ED-098F-4CEF-B575-2FE143119F29} = {8A71EDB4-5188-4605-8C5D-C78860B8D28B}
		{D6F19216-DD25-450D-9D25-FDF091E55A6E} = {8A71EDB4-5188-4605-8C5D-C78860B8D28B}
		{B50B2E8E-E92A-49D4-A4C8-BA09AC89C4A6} = {CCC5CCD5-8319-4C68-B867-689DCA530008}
		{C937DCE3-19BF-459C-A14F-348AAED672C7} = {CCC5CCD5-8319-4C68-B867-689DCA530008}
		{C630E7CE-C207-46FD-9C75-FA6FB27353D2} = {8A71EDB4-5188-4605-8C5D-C78860B8D28B}
		{1BA1342F-7375-4851-AC70-CC56CADCC9EF} = {8A71EDB4-5188-4605-8C5D-C78860B8D28B}
	EndGlobalSection
EndGlobal
