
Microsoft Visual Studio Solution File, Format Version 12.00
# Visual Studio 14
VisualStudioVersion = 14.0.25420.1
MinimumVisualStudioVersion = 10.0.40219.1
Project("{2150E333-8FDC-42A3-9474-1A3956D46DE8}") = "Solution Items", "Solution Items", "{C75A87A5-4D43-42D2-9CEC-257079EE0186}"
	ProjectSection(SolutionItems) = preProject
		global.json = global.json
	EndProjectSection
EndProject
Project("{8BB2217D-0F2D-49D1-97BC-3654ED321F3B}") = "Microphone.Core", "src\Microphone.Core\Microphone.Core.xproj", "{B12B6799-059F-42C3-9A81-81DC6CF18584}"
EndProject
Global
	GlobalSection(SolutionConfigurationPlatforms) = preSolution
		Debug|Any CPU = Debug|Any CPU
		Release|Any CPU = Release|Any CPU
	EndGlobalSection
	GlobalSection(ProjectConfigurationPlatforms) = postSolution
		{B12B6799-059F-42C3-9A81-81DC6CF18584}.Debug|Any CPU.ActiveCfg = Debug|Any CPU
		{B12B6799-059F-42C3-9A81-81DC6CF18584}.Debug|Any CPU.Build.0 = Debug|Any CPU
		{B12B6799-059F-42C3-9A81-81DC6CF18584}.Release|Any CPU.ActiveCfg = Release|Any CPU
		{B12B6799-059F-42C3-9A81-81DC6CF18584}.Release|Any CPU.Build.0 = Release|Any CPU
	EndGlobalSection
	GlobalSection(SolutionProperties) = preSolution
		HideSolutionNode = FALSE
	EndGlobalSection
EndGlobal
