
Microsoft Visual Studio Solution File, Format Version 12.00
# Visual Studio 14
VisualStudioVersion = 14.0.25123.0
MinimumVisualStudioVersion = 10.0.40219.1
Project("{8BB2217D-0F2D-49D1-97BC-3654ED321F3B}") = "Microphone.Core", "Microphone.Core\Microphone.Core.xproj", "{B12B6799-059F-42C3-9A81-81DC6CF18584}"
EndProject
Project("{8BB2217D-0F2D-49D1-97BC-3654ED321F3B}") = "Microphone.Etcd", "Microphone.Etcd\Microphone.Etcd.xproj", "{9FFFC280-9A74-464C-B813-93D8B428B493}"
EndProject
Project("{8BB2217D-0F2D-49D1-97BC-3654ED321F3B}") = "AspNetService", "Asp5Service\AspNetService.xproj", "{2BD64650-24CC-4E15-82CB-65A10B0A057D}"
EndProject
Project("{8BB2217D-0F2D-49D1-97BC-3654ED321F3B}") = "Microphone.AspNet", "Microphone.AspNet\Microphone.AspNet.xproj", "{4839A4BB-B806-4B04-9F49-808A34DBA808}"
EndProject
Project("{2150E333-8FDC-42A3-9474-1A3956D46DE8}") = "Solution Items", "Solution Items", "{C75A87A5-4D43-42D2-9CEC-257079EE0186}"
	ProjectSection(SolutionItems) = preProject
		Microphone.AspNet\global.json = Microphone.AspNet\global.json
		Asp5Service\global.json = Asp5Service\global.json
	EndProjectSection
EndProject
Project("{8BB2217D-0F2D-49D1-97BC-3654ED321F3B}") = "Microphone.Nancy2", "Microphone.Nancy\Microphone.Nancy2.xproj", "{401C17A4-097D-4CEF-BD3A-C476BA349FA8}"
EndProject
Global
	GlobalSection(SolutionConfigurationPlatforms) = preSolution
		Debug|Any CPU = Debug|Any CPU
		Release|Any CPU = Release|Any CPU
	EndGlobalSection
	GlobalSection(ProjectConfigurationPlatforms) = postSolution
		{B12B6799-059F-42C3-9A81-81DC6CF18584}.Debug|Any CPU.ActiveCfg = Debug|Any CPU
		{B12B6799-059F-42C3-9A81-81DC6CF18584}.Debug|Any CPU.Build.0 = Debug|Any CPU
		{B12B6799-059F-42C3-9A81-81DC6CF18584}.Release|Any CPU.ActiveCfg = Release|Any CPU
		{B12B6799-059F-42C3-9A81-81DC6CF18584}.Release|Any CPU.Build.0 = Release|Any CPU
		{9FFFC280-9A74-464C-B813-93D8B428B493}.Debug|Any CPU.ActiveCfg = Debug|Any CPU
		{9FFFC280-9A74-464C-B813-93D8B428B493}.Debug|Any CPU.Build.0 = Debug|Any CPU
		{9FFFC280-9A74-464C-B813-93D8B428B493}.Release|Any CPU.ActiveCfg = Release|Any CPU
		{9FFFC280-9A74-464C-B813-93D8B428B493}.Release|Any CPU.Build.0 = Release|Any CPU
		{2BD64650-24CC-4E15-82CB-65A10B0A057D}.Debug|Any CPU.ActiveCfg = Debug|Any CPU
		{2BD64650-24CC-4E15-82CB-65A10B0A057D}.Debug|Any CPU.Build.0 = Debug|Any CPU
		{2BD64650-24CC-4E15-82CB-65A10B0A057D}.Release|Any CPU.ActiveCfg = Release|Any CPU
		{2BD64650-24CC-4E15-82CB-65A10B0A057D}.Release|Any CPU.Build.0 = Release|Any CPU
		{4839A4BB-B806-4B04-9F49-808A34DBA808}.Debug|Any CPU.ActiveCfg = Debug|Any CPU
		{4839A4BB-B806-4B04-9F49-808A34DBA808}.Debug|Any CPU.Build.0 = Debug|Any CPU
		{4839A4BB-B806-4B04-9F49-808A34DBA808}.Release|Any CPU.ActiveCfg = Release|Any CPU
		{4839A4BB-B806-4B04-9F49-808A34DBA808}.Release|Any CPU.Build.0 = Release|Any CPU
		{401C17A4-097D-4CEF-BD3A-C476BA349FA8}.Debug|Any CPU.ActiveCfg = Debug|Any CPU
		{401C17A4-097D-4CEF-BD3A-C476BA349FA8}.Debug|Any CPU.Build.0 = Debug|Any CPU
		{401C17A4-097D-4CEF-BD3A-C476BA349FA8}.Release|Any CPU.ActiveCfg = Release|Any CPU
		{401C17A4-097D-4CEF-BD3A-C476BA349FA8}.Release|Any CPU.Build.0 = Release|Any CPU
	EndGlobalSection
	GlobalSection(SolutionProperties) = preSolution
		HideSolutionNode = FALSE
	EndGlobalSection
EndGlobal
