
Microsoft Visual Studio Solution File, Format Version 12.00
# Visual Studio 14
VisualStudioVersion = 14.0.25420.1
MinimumVisualStudioVersion = 10.0.40219.1
Project("{FAE04EC0-301F-11D3-BF4B-00C04F79EFBC}") = "ConsoleApplication1", "ConsoleApplication1.csproj", "{ED5F92C1-4D99-4B68-8EA4-CE4E6D95D46F}"
EndProject
Global
	GlobalSection(SolutionConfigurationPlatforms) = preSolution
		Debug|Any CPU = Debug|Any CPU
		Release|Any CPU = Release|Any CPU
	EndGlobalSection
	GlobalSection(ProjectConfigurationPlatforms) = postSolution
		{ED5F92C1-4D99-4B68-8EA4-CE4E6D95D46F}.Debug|Any CPU.ActiveCfg = Debug|Any CPU
		{ED5F92C1-4D99-4B68-8EA4-CE4E6D95D46F}.Debug|Any CPU.Build.0 = Debug|Any CPU
		{ED5F92C1-4D99-4B68-8EA4-CE4E6D95D46F}.Release|Any CPU.ActiveCfg = Release|Any CPU
		{ED5F92C1-4D99-4B68-8EA4-CE4E6D95D46F}.Release|Any CPU.Build.0 = Release|Any CPU
	EndGlobalSection
	GlobalSection(SolutionProperties) = preSolution
		HideSolutionNode = FALSE
	EndGlobalSection
EndGlobal
