
Microsoft Visual Studio Solution File, Format Version 12.00
# Visual Studio 14
VisualStudioVersion = 14.0.25420.1
MinimumVisualStudioVersion = 10.0.40219.1
Project("{FAE04EC0-301F-11D3-BF4B-00C04F79EFBC}") = "Microphone.Core", "Microphone.Core\Microphone.Core.csproj", "{7A418687-1FFB-45C6-89BD-C0F0D9910C0D}"
EndProject
Project("{FAE04EC0-301F-11D3-BF4B-00C04F79EFBC}") = "Microphone.Etcd", "Microphone.Etcd\Microphone.Etcd.csproj", "{9BB9BD2B-82D8-4EBF-823D-8D4AC5FB8F5C}"
EndProject
Project("{F2A71F9B-5D33-465A-A702-920D77279786}") = "Microphone.Suave", "Microphone.Suave\Microphone.Suave.fsproj", "{EEB92EF8-1404-4E37-AEA3-B2F54BCAC267}"
EndProject
Project("{2150E333-8FDC-42A3-9474-1A3956D46DE8}") = "Examples", "Examples", "{5D1DDEDF-5EAA-4C10-9A28-756025BC03B0}"
EndProject
Project("{F2A71F9B-5D33-465A-A702-920D77279786}") = "SuaveDemo", "examples\Suave\SuaveDemo.fsproj", "{19B3109D-197A-48DC-88D5-4A9EAD0C255F}"
EndProject
Project("{FAE04EC0-301F-11D3-BF4B-00C04F79EFBC}") = "Microphone.Nancy", "Microphone.Nancy\Microphone.Nancy.csproj", "{3988EEBA-A664-4815-91F8-B4E63287D9EE}"
EndProject
Project("{FAE04EC0-301F-11D3-BF4B-00C04F79EFBC}") = "NancyDemo", "examples\Nancy\NancyDemo.csproj", "{246C633C-BEBF-4BFE-B724-CC484273A806}"
EndProject
Global
	GlobalSection(SolutionConfigurationPlatforms) = preSolution
		Debug|Any CPU = Debug|Any CPU
		Release|Any CPU = Release|Any CPU
	EndGlobalSection
	GlobalSection(ProjectConfigurationPlatforms) = postSolution
		{7A418687-1FFB-45C6-89BD-C0F0D9910C0D}.Debug|Any CPU.ActiveCfg = Debug|Any CPU
		{7A418687-1FFB-45C6-89BD-C0F0D9910C0D}.Debug|Any CPU.Build.0 = Debug|Any CPU
		{7A418687-1FFB-45C6-89BD-C0F0D9910C0D}.Release|Any CPU.ActiveCfg = Release|Any CPU
		{7A418687-1FFB-45C6-89BD-C0F0D9910C0D}.Release|Any CPU.Build.0 = Release|Any CPU
		{9BB9BD2B-82D8-4EBF-823D-8D4AC5FB8F5C}.Debug|Any CPU.ActiveCfg = Debug|Any CPU
		{9BB9BD2B-82D8-4EBF-823D-8D4AC5FB8F5C}.Debug|Any CPU.Build.0 = Debug|Any CPU
		{9BB9BD2B-82D8-4EBF-823D-8D4AC5FB8F5C}.Release|Any CPU.ActiveCfg = Release|Any CPU
		{9BB9BD2B-82D8-4EBF-823D-8D4AC5FB8F5C}.Release|Any CPU.Build.0 = Release|Any CPU
		{EEB92EF8-1404-4E37-AEA3-B2F54BCAC267}.Debug|Any CPU.ActiveCfg = Debug|Any CPU
		{EEB92EF8-1404-4E37-AEA3-B2F54BCAC267}.Debug|Any CPU.Build.0 = Debug|Any CPU
		{EEB92EF8-1404-4E37-AEA3-B2F54BCAC267}.Release|Any CPU.ActiveCfg = Release|Any CPU
		{EEB92EF8-1404-4E37-AEA3-B2F54BCAC267}.Release|Any CPU.Build.0 = Release|Any CPU
		{19B3109D-197A-48DC-88D5-4A9EAD0C255F}.Debug|Any CPU.ActiveCfg = Debug|Any CPU
		{19B3109D-197A-48DC-88D5-4A9EAD0C255F}.Debug|Any CPU.Build.0 = Debug|Any CPU
		{19B3109D-197A-48DC-88D5-4A9EAD0C255F}.Release|Any CPU.ActiveCfg = Release|Any CPU
		{19B3109D-197A-48DC-88D5-4A9EAD0C255F}.Release|Any CPU.Build.0 = Release|Any CPU
		{3988EEBA-A664-4815-91F8-B4E63287D9EE}.Debug|Any CPU.ActiveCfg = Debug|Any CPU
		{3988EEBA-A664-4815-91F8-B4E63287D9EE}.Debug|Any CPU.Build.0 = Debug|Any CPU
		{3988EEBA-A664-4815-91F8-B4E63287D9EE}.Release|Any CPU.ActiveCfg = Release|Any CPU
		{3988EEBA-A664-4815-91F8-B4E63287D9EE}.Release|Any CPU.Build.0 = Release|Any CPU
		{246C633C-BEBF-4BFE-B724-CC484273A806}.Debug|Any CPU.ActiveCfg = Debug|Any CPU
		{246C633C-BEBF-4BFE-B724-CC484273A806}.Debug|Any CPU.Build.0 = Debug|Any CPU
		{246C633C-BEBF-4BFE-B724-CC484273A806}.Release|Any CPU.ActiveCfg = Release|Any CPU
		{246C633C-BEBF-4BFE-B724-CC484273A806}.Release|Any CPU.Build.0 = Release|Any CPU
	EndGlobalSection
	GlobalSection(SolutionProperties) = preSolution
		HideSolutionNode = FALSE
	EndGlobalSection
	GlobalSection(NestedProjects) = preSolution
		{19B3109D-197A-48DC-88D5-4A9EAD0C255F} = {5D1DDEDF-5EAA-4C10-9A28-756025BC03B0}
		{246C633C-BEBF-4BFE-B724-CC484273A806} = {5D1DDEDF-5EAA-4C10-9A28-756025BC03B0}
	EndGlobalSection
EndGlobal
